
Microsoft Visual Studio Solution File, Format Version 12.00
# Visual Studio Version 17
VisualStudioVersion = 17.5.002.0
MinimumVisualStudioVersion = 10.0.40219.1
Project("{9A19103F-16F7-4668-BE54-9A1E7A4F7556}") = "BAdownload", "BAdownload.csproj", "{BDDC6BDD-028D-45C7-B11B-63F6F98E7A27}"
EndProject
Global
	GlobalSection(SolutionConfigurationPlatforms) = preSolution
		Debug|Any CPU = Debug|Any CPU
		Release|Any CPU = Release|Any CPU
	EndGlobalSection
	GlobalSection(ProjectConfigurationPlatforms) = postSolution
		{BDDC6BDD-028D-45C7-B11B-63F6F98E7A27}.Debug|Any CPU.ActiveCfg = Debug|Any CPU
		{BDDC6BDD-028D-45C7-B11B-63F6F98E7A27}.Debug|Any CPU.Build.0 = Debug|Any CPU
		{BDDC6BDD-028D-45C7-B11B-63F6F98E7A27}.Release|Any CPU.ActiveCfg = Release|Any CPU
		{BDDC6BDD-028D-45C7-B11B-63F6F98E7A27}.Release|Any CPU.Build.0 = Release|Any CPU
	EndGlobalSection
	GlobalSection(SolutionProperties) = preSolution
		HideSolutionNode = FALSE
	EndGlobalSection
	GlobalSection(ExtensibilityGlobals) = postSolution
		SolutionGuid = {F47CE968-4A68-4507-92DE-E2288AEDE088}
	EndGlobalSection
EndGlobal
