
Microsoft Visual Studio Solution File, Format Version 12.00
# Visual Studio Version 17
VisualStudioVersion = 17.13.35825.156 d17.13
MinimumVisualStudioVersion = 10.0.40219.1
Project("{FAE04EC0-301F-11D3-BF4B-00C04F79EFBC}") = "BlueArchiveGUIDownloader", "BlueArchiveGUIDownloader.csproj", "{1AC8A366-5B60-46F4-B6DE-D75C2A3D90E4}"
EndProject
Global
	GlobalSection(SolutionConfigurationPlatforms) = preSolution
		Debug|Any CPU = Debug|Any CPU
		Release|Any CPU = Release|Any CPU
	EndGlobalSection
	GlobalSection(ProjectConfigurationPlatforms) = postSolution
		{1AC8A366-5B60-46F4-B6DE-D75C2A3D90E4}.Debug|Any CPU.ActiveCfg = Debug|Any CPU
		{1AC8A366-5B60-46F4-B6DE-D75C2A3D90E4}.Debug|Any CPU.Build.0 = Debug|Any CPU
		{1AC8A366-5B60-46F4-B6DE-D75C2A3D90E4}.Release|Any CPU.ActiveCfg = Release|Any CPU
		{1AC8A366-5B60-46F4-B6DE-D75C2A3D90E4}.Release|Any CPU.Build.0 = Release|Any CPU
	EndGlobalSection
	GlobalSection(SolutionProperties) = preSolution
		HideSolutionNode = FALSE
	EndGlobalSection
	GlobalSection(ExtensibilityGlobals) = postSolution
		SolutionGuid = {F30D78ED-8E4E-43BD-B045-9657455E7FF9}
	EndGlobalSection
EndGlobal
